
Microsoft Visual Studio Solution File, Format Version 12.00
# Visual Studio Version 16
VisualStudioVersion = 25.0.1706.7
MinimumVisualStudioVersion = 10.0.40219.1
Project("{FAE04EC0-301F-11D3-BF4B-00C04F79EFBC}") = "fill_form", "fill_form.csproj", "{A77DF0A8-2A07-4CB1-9B29-F50772E26564}"
EndProject
Global
	GlobalSection(SolutionConfigurationPlatforms) = preSolution
		Debug|Any CPU = Debug|Any CPU
		Release|Any CPU = Release|Any CPU
	EndGlobalSection
	GlobalSection(ProjectConfigurationPlatforms) = postSolution
		{A77DF0A8-2A07-4CB1-9B29-F50772E26564}.Debug|Any CPU.ActiveCfg = Debug|Any CPU
		{A77DF0A8-2A07-4CB1-9B29-F50772E26564}.Debug|Any CPU.Build.0 = Debug|Any CPU
		{A77DF0A8-2A07-4CB1-9B29-F50772E26564}.Release|Any CPU.ActiveCfg = Release|Any CPU
		{A77DF0A8-2A07-4CB1-9B29-F50772E26564}.Release|Any CPU.Build.0 = Release|Any CPU
	EndGlobalSection
	GlobalSection(SolutionProperties) = preSolution
		HideSolutionNode = FALSE
	EndGlobalSection
	GlobalSection(ExtensibilityGlobals) = postSolution
		SolutionGuid = {18534768-E60B-44D7-AE16-4BC54F537774}
	EndGlobalSection
EndGlobal
